
Microsoft Visual Studio Solution File, Format Version 12.00
# Visual Studio Version 17
VisualStudioVersion = 17.14.36127.28 d17.14
MinimumVisualStudioVersion = 10.0.40219.1
Project("{FAE04EC0-301F-11D3-BF4B-00C04F79EFBC}") = "Console", "Console\Console.csproj", "{06B5FC29-BF86-4C07-B27E-C690B2ADA57D}"
EndProject
Project("{54A90642-561A-4BB1-A94E-469ADEE60C69}") = "ChromeExtension", "ChromeExtension\ChromeExtension.esproj", "{57878ACF-4063-9F01-2F05-11670EE21524}"
EndProject
Global
	GlobalSection(SolutionConfigurationPlatforms) = preSolution
		Debug|Any CPU = Debug|Any CPU
		Release|Any CPU = Release|Any CPU
	EndGlobalSection
	GlobalSection(ProjectConfigurationPlatforms) = postSolution
		{06B5FC29-BF86-4C07-B27E-C690B2ADA57D}.Debug|Any CPU.ActiveCfg = Debug|Any CPU
		{06B5FC29-BF86-4C07-B27E-C690B2ADA57D}.Debug|Any CPU.Build.0 = Debug|Any CPU
		{06B5FC29-BF86-4C07-B27E-C690B2ADA57D}.Release|Any CPU.ActiveCfg = Release|Any CPU
		{06B5FC29-BF86-4C07-B27E-C690B2ADA57D}.Release|Any CPU.Build.0 = Release|Any CPU
		{57878ACF-4063-9F01-2F05-11670EE21524}.Debug|Any CPU.ActiveCfg = Debug|Any CPU
		{57878ACF-4063-9F01-2F05-11670EE21524}.Debug|Any CPU.Build.0 = Debug|Any CPU
		{57878ACF-4063-9F01-2F05-11670EE21524}.Debug|Any CPU.Deploy.0 = Debug|Any CPU
		{57878ACF-4063-9F01-2F05-11670EE21524}.Release|Any CPU.ActiveCfg = Release|Any CPU
		{57878ACF-4063-9F01-2F05-11670EE21524}.Release|Any CPU.Build.0 = Release|Any CPU
		{57878ACF-4063-9F01-2F05-11670EE21524}.Release|Any CPU.Deploy.0 = Release|Any CPU
	EndGlobalSection
	GlobalSection(SolutionProperties) = preSolution
		HideSolutionNode = FALSE
	EndGlobalSection
	GlobalSection(ExtensibilityGlobals) = postSolution
		SolutionGuid = {AED8DD7E-9CF0-4EA9-9975-30CB127990D2}
	EndGlobalSection
EndGlobal
